
Microsoft Visual Studio Solution File, Format Version 12.00
# Visual Studio Version 17
VisualStudioVersion = 17.11.35222.181
MinimumVisualStudioVersion = 10.0.40219.1
Project("{2150E333-8FDC-42A3-9474-1A3956D46DE8}") = "UserServices", "UserServices", "{0D8291E3-50C8-495E-9A0E-93DB77CF29FE}"
EndProject
Project("{9A19103F-16F7-4668-BE54-9A1E7A4F7556}") = "UserService.Application", "UserService.Application\UserService.Application.csproj", "{2312CE25-DF20-43B5-9C9F-2AFCA0AFD345}"
EndProject
Project("{9A19103F-16F7-4668-BE54-9A1E7A4F7556}") = "UserService.Domain", "UserService.Domain\UserService.Domain.csproj", "{1AD336D1-9D23-4C4B-84AB-CD1C39E97879}"
EndProject
Project("{9A19103F-16F7-4668-BE54-9A1E7A4F7556}") = "UserService.Infrastructure", "UserService.Infrastructure\UserService.Infrastructure.csproj", "{410A35ED-15C7-417C-967C-ADAF5575AF69}"
EndProject
Project("{9A19103F-16F7-4668-BE54-9A1E7A4F7556}") = "UserService.Messaging", "UserService.Messaging\UserService.Messaging.csproj", "{56868B4A-0404-4AC3-87CC-23A24F74958C}"
EndProject
Project("{2150E333-8FDC-42A3-9474-1A3956D46DE8}") = "BookstoreServices", "BookstoreServices", "{27AB779B-DD9B-472E-B0F9-5A9B14D8D357}"
EndProject
Project("{2150E333-8FDC-42A3-9474-1A3956D46DE8}") = "BookServices", "BookServices", "{9BA0D87B-EB0A-442C-A548-4B2BBB877178}"
EndProject
Project("{2150E333-8FDC-42A3-9474-1A3956D46DE8}") = "ReviewServices", "ReviewServices", "{CAB4BEFC-9D39-4014-B8AB-70D80552F43C}"
EndProject
Project("{2150E333-8FDC-42A3-9474-1A3956D46DE8}") = "OrderServices", "OrderServices", "{493020A3-FBF7-45AD-B3CE-90A5D46061D3}"
EndProject
Project("{9A19103F-16F7-4668-BE54-9A1E7A4F7556}") = "BookService.Api", "BookService.Api\BookService.Api.csproj", "{C6CCC65A-97EB-473C-A675-8E48ECC3B5B1}"
EndProject
Project("{9A19103F-16F7-4668-BE54-9A1E7A4F7556}") = "BookService.Application", "BookService.Application\BookService.Application.csproj", "{68100BA7-2228-4A20-9A55-B9DD07B2F1D5}"
EndProject
Project("{9A19103F-16F7-4668-BE54-9A1E7A4F7556}") = "BookService.Domain", "BookService.Domain\BookService.Domain.csproj", "{E4DF0E96-C33D-4FF0-A6E2-27EF4ABA31C0}"
EndProject
Project("{9A19103F-16F7-4668-BE54-9A1E7A4F7556}") = "BookService.Infracstructure", "BookService.Infracstructure\BookService.Infracstructure.csproj", "{7D94D16A-BF2D-4C48-8FAA-4A08086E2ECC}"
EndProject
Project("{9A19103F-16F7-4668-BE54-9A1E7A4F7556}") = "BookService.Message", "BookService.Message\BookService.Message.csproj", "{671E705E-371B-4D74-A81A-5D0AF0E58437}"
EndProject
Project("{9A19103F-16F7-4668-BE54-9A1E7A4F7556}") = "BookstoreService.Api", "BookstoreService.Api\BookstoreService.Api.csproj", "{B74E0B65-2E8A-424A-B139-E33DA5020A3A}"
EndProject
Project("{9A19103F-16F7-4668-BE54-9A1E7A4F7556}") = "BookstoreService.Application", "BookstoreService.Application\BookstoreService.Application.csproj", "{125ACE49-B572-472B-9F29-18ADDCF9419C}"
EndProject
Project("{9A19103F-16F7-4668-BE54-9A1E7A4F7556}") = "BookstoreService.Domain", "BookstoreService.Domain\BookstoreService.Domain.csproj", "{DDF12C01-BF5F-4308-B010-A7F7E29E6C58}"
EndProject
Project("{9A19103F-16F7-4668-BE54-9A1E7A4F7556}") = "BookstoreService.Infracstructure", "BookstoreService.Infracstructure\BookstoreService.Infracstructure.csproj", "{6FF649C9-9F00-4D0F-B243-E4DAFFE723DA}"
EndProject
Project("{9A19103F-16F7-4668-BE54-9A1E7A4F7556}") = "BookstoreService.Messaging", "BookstoreService.Messaging\BookstoreService.Messaging.csproj", "{D30568FD-DE0D-4D1A-B03F-8D6C42F6A6AF}"
EndProject
Project("{2150E333-8FDC-42A3-9474-1A3956D46DE8}") = "ApiGateway", "ApiGateway", "{1FBCDDF4-3DF7-4720-A619-41D41C6E98ED}"
EndProject
Project("{2150E333-8FDC-42A3-9474-1A3956D46DE8}") = "src", "src", "{0507D71E-FA87-4DFD-BB1B-51DD91706120}"
EndProject
Project("{2150E333-8FDC-42A3-9474-1A3956D46DE8}") = "tests", "tests", "{3D13550A-2A22-4C7B-AFF7-780C32C8B06D}"
EndProject
Project("{9A19103F-16F7-4668-BE54-9A1E7A4F7556}") = "OrderService.Infracstructure", "OrderService.Infracstructure\OrderService.Infracstructure.csproj", "{DD7BE0EC-2286-439E-B87E-6CE6AD4772F3}"
EndProject
Project("{9A19103F-16F7-4668-BE54-9A1E7A4F7556}") = "ReviewService.Infracstructure", "ReviewService.Infracstructure\ReviewService.Infracstructure.csproj", "{8AA9FDF5-E068-4232-B01E-C3DDD63FE479}"
EndProject
Project("{9A19103F-16F7-4668-BE54-9A1E7A4F7556}") = "OrderService.Api", "OrderService.Api\OrderService.Api.csproj", "{568B69F9-A34C-4902-97A3-959BD1EE874F}"
EndProject
Project("{9A19103F-16F7-4668-BE54-9A1E7A4F7556}") = "OrderService.Domain", "OrderService.Domain\OrderService.Domain.csproj", "{4FB36BE1-ECC3-4131-8642-4C90AC246E73}"
EndProject
Project("{9A19103F-16F7-4668-BE54-9A1E7A4F7556}") = "OrderService.Message", "OrderService.Message\OrderService.Message.csproj", "{08BE7F81-BDFE-4A83-A55E-D03DB50E90C1}"
EndProject
Project("{9A19103F-16F7-4668-BE54-9A1E7A4F7556}") = "OrderService.Application", "OrderService.Application\OrderService.Application.csproj", "{4E8ACE85-07D3-4C39-B910-78A641A55D77}"
EndProject
Project("{2150E333-8FDC-42A3-9474-1A3956D46DE8}") = "Common", "Common", "{137DBA62-266B-4F47-BF5B-A62DE312240D}"
EndProject
Project("{9A19103F-16F7-4668-BE54-9A1E7A4F7556}") = "Common", "Common\Common.csproj", "{8F7DC3C5-8507-4150-B8C1-3BB278C53F44}"
EndProject
Project("{FAE04EC0-301F-11D3-BF4B-00C04F79EFBC}") = "UserService.Api", "UserService.Api\UserService.Api.csproj", "{58034FB1-4BB8-4BFE-853B-890742FBF7FD}"
EndProject
Project("{2150E333-8FDC-42A3-9474-1A3956D46DE8}") = "ApiGateway", "ApiGateway", "{F2194F12-3DE0-41D3-9B45-A6472718842D}"
EndProject
Project("{FAE04EC0-301F-11D3-BF4B-00C04F79EFBC}") = "ApiGateway", "ApiGateway\ApiGateway.csproj", "{E8B78F9D-5961-4EF4-8DD3-C559009F7554}"
EndProject
Global
	GlobalSection(SolutionConfigurationPlatforms) = preSolution
		Debug|Any CPU = Debug|Any CPU
		Release|Any CPU = Release|Any CPU
	EndGlobalSection
	GlobalSection(ProjectConfigurationPlatforms) = postSolution
		{2312CE25-DF20-43B5-9C9F-2AFCA0AFD345}.Debug|Any CPU.ActiveCfg = Debug|Any CPU
		{2312CE25-DF20-43B5-9C9F-2AFCA0AFD345}.Debug|Any CPU.Build.0 = Debug|Any CPU
		{2312CE25-DF20-43B5-9C9F-2AFCA0AFD345}.Release|Any CPU.ActiveCfg = Release|Any CPU
		{2312CE25-DF20-43B5-9C9F-2AFCA0AFD345}.Release|Any CPU.Build.0 = Release|Any CPU
		{1AD336D1-9D23-4C4B-84AB-CD1C39E97879}.Debug|Any CPU.ActiveCfg = Debug|Any CPU
		{1AD336D1-9D23-4C4B-84AB-CD1C39E97879}.Debug|Any CPU.Build.0 = Debug|Any CPU
		{1AD336D1-9D23-4C4B-84AB-CD1C39E97879}.Release|Any CPU.ActiveCfg = Release|Any CPU
		{1AD336D1-9D23-4C4B-84AB-CD1C39E97879}.Release|Any CPU.Build.0 = Release|Any CPU
		{410A35ED-15C7-417C-967C-ADAF5575AF69}.Debug|Any CPU.ActiveCfg = Debug|Any CPU
		{410A35ED-15C7-417C-967C-ADAF5575AF69}.Debug|Any CPU.Build.0 = Debug|Any CPU
		{410A35ED-15C7-417C-967C-ADAF5575AF69}.Release|Any CPU.ActiveCfg = Release|Any CPU
		{410A35ED-15C7-417C-967C-ADAF5575AF69}.Release|Any CPU.Build.0 = Release|Any CPU
		{56868B4A-0404-4AC3-87CC-23A24F74958C}.Debug|Any CPU.ActiveCfg = Debug|Any CPU
		{56868B4A-0404-4AC3-87CC-23A24F74958C}.Debug|Any CPU.Build.0 = Debug|Any CPU
		{56868B4A-0404-4AC3-87CC-23A24F74958C}.Release|Any CPU.ActiveCfg = Release|Any CPU
		{56868B4A-0404-4AC3-87CC-23A24F74958C}.Release|Any CPU.Build.0 = Release|Any CPU
		{C6CCC65A-97EB-473C-A675-8E48ECC3B5B1}.Debug|Any CPU.ActiveCfg = Debug|Any CPU
		{C6CCC65A-97EB-473C-A675-8E48ECC3B5B1}.Debug|Any CPU.Build.0 = Debug|Any CPU
		{C6CCC65A-97EB-473C-A675-8E48ECC3B5B1}.Release|Any CPU.ActiveCfg = Release|Any CPU
		{C6CCC65A-97EB-473C-A675-8E48ECC3B5B1}.Release|Any CPU.Build.0 = Release|Any CPU
		{68100BA7-2228-4A20-9A55-B9DD07B2F1D5}.Debug|Any CPU.ActiveCfg = Debug|Any CPU
		{68100BA7-2228-4A20-9A55-B9DD07B2F1D5}.Debug|Any CPU.Build.0 = Debug|Any CPU
		{68100BA7-2228-4A20-9A55-B9DD07B2F1D5}.Release|Any CPU.ActiveCfg = Release|Any CPU
		{68100BA7-2228-4A20-9A55-B9DD07B2F1D5}.Release|Any CPU.Build.0 = Release|Any CPU
		{E4DF0E96-C33D-4FF0-A6E2-27EF4ABA31C0}.Debug|Any CPU.ActiveCfg = Debug|Any CPU
		{E4DF0E96-C33D-4FF0-A6E2-27EF4ABA31C0}.Debug|Any CPU.Build.0 = Debug|Any CPU
		{E4DF0E96-C33D-4FF0-A6E2-27EF4ABA31C0}.Release|Any CPU.ActiveCfg = Release|Any CPU
		{E4DF0E96-C33D-4FF0-A6E2-27EF4ABA31C0}.Release|Any CPU.Build.0 = Release|Any CPU
		{7D94D16A-BF2D-4C48-8FAA-4A08086E2ECC}.Debug|Any CPU.ActiveCfg = Debug|Any CPU
		{7D94D16A-BF2D-4C48-8FAA-4A08086E2ECC}.Debug|Any CPU.Build.0 = Debug|Any CPU
		{7D94D16A-BF2D-4C48-8FAA-4A08086E2ECC}.Release|Any CPU.ActiveCfg = Release|Any CPU
		{7D94D16A-BF2D-4C48-8FAA-4A08086E2ECC}.Release|Any CPU.Build.0 = Release|Any CPU
		{671E705E-371B-4D74-A81A-5D0AF0E58437}.Debug|Any CPU.ActiveCfg = Debug|Any CPU
		{671E705E-371B-4D74-A81A-5D0AF0E58437}.Debug|Any CPU.Build.0 = Debug|Any CPU
		{671E705E-371B-4D74-A81A-5D0AF0E58437}.Release|Any CPU.ActiveCfg = Release|Any CPU
		{671E705E-371B-4D74-A81A-5D0AF0E58437}.Release|Any CPU.Build.0 = Release|Any CPU
		{B74E0B65-2E8A-424A-B139-E33DA5020A3A}.Debug|Any CPU.ActiveCfg = Debug|Any CPU
		{B74E0B65-2E8A-424A-B139-E33DA5020A3A}.Debug|Any CPU.Build.0 = Debug|Any CPU
		{B74E0B65-2E8A-424A-B139-E33DA5020A3A}.Release|Any CPU.ActiveCfg = Release|Any CPU
		{B74E0B65-2E8A-424A-B139-E33DA5020A3A}.Release|Any CPU.Build.0 = Release|Any CPU
		{125ACE49-B572-472B-9F29-18ADDCF9419C}.Debug|Any CPU.ActiveCfg = Debug|Any CPU
		{125ACE49-B572-472B-9F29-18ADDCF9419C}.Debug|Any CPU.Build.0 = Debug|Any CPU
		{125ACE49-B572-472B-9F29-18ADDCF9419C}.Release|Any CPU.ActiveCfg = Release|Any CPU
		{125ACE49-B572-472B-9F29-18ADDCF9419C}.Release|Any CPU.Build.0 = Release|Any CPU
		{DDF12C01-BF5F-4308-B010-A7F7E29E6C58}.Debug|Any CPU.ActiveCfg = Debug|Any CPU
		{DDF12C01-BF5F-4308-B010-A7F7E29E6C58}.Debug|Any CPU.Build.0 = Debug|Any CPU
		{DDF12C01-BF5F-4308-B010-A7F7E29E6C58}.Release|Any CPU.ActiveCfg = Release|Any CPU
		{DDF12C01-BF5F-4308-B010-A7F7E29E6C58}.Release|Any CPU.Build.0 = Release|Any CPU
		{6FF649C9-9F00-4D0F-B243-E4DAFFE723DA}.Debug|Any CPU.ActiveCfg = Debug|Any CPU
		{6FF649C9-9F00-4D0F-B243-E4DAFFE723DA}.Debug|Any CPU.Build.0 = Debug|Any CPU
		{6FF649C9-9F00-4D0F-B243-E4DAFFE723DA}.Release|Any CPU.ActiveCfg = Release|Any CPU
		{6FF649C9-9F00-4D0F-B243-E4DAFFE723DA}.Release|Any CPU.Build.0 = Release|Any CPU
		{D30568FD-DE0D-4D1A-B03F-8D6C42F6A6AF}.Debug|Any CPU.ActiveCfg = Debug|Any CPU
		{D30568FD-DE0D-4D1A-B03F-8D6C42F6A6AF}.Debug|Any CPU.Build.0 = Debug|Any CPU
		{D30568FD-DE0D-4D1A-B03F-8D6C42F6A6AF}.Release|Any CPU.ActiveCfg = Release|Any CPU
		{D30568FD-DE0D-4D1A-B03F-8D6C42F6A6AF}.Release|Any CPU.Build.0 = Release|Any CPU
		{DD7BE0EC-2286-439E-B87E-6CE6AD4772F3}.Debug|Any CPU.ActiveCfg = Debug|Any CPU
		{DD7BE0EC-2286-439E-B87E-6CE6AD4772F3}.Debug|Any CPU.Build.0 = Debug|Any CPU
		{DD7BE0EC-2286-439E-B87E-6CE6AD4772F3}.Release|Any CPU.ActiveCfg = Release|Any CPU
		{DD7BE0EC-2286-439E-B87E-6CE6AD4772F3}.Release|Any CPU.Build.0 = Release|Any CPU
		{8AA9FDF5-E068-4232-B01E-C3DDD63FE479}.Debug|Any CPU.ActiveCfg = Debug|Any CPU
		{8AA9FDF5-E068-4232-B01E-C3DDD63FE479}.Debug|Any CPU.Build.0 = Debug|Any CPU
		{8AA9FDF5-E068-4232-B01E-C3DDD63FE479}.Release|Any CPU.ActiveCfg = Release|Any CPU
		{8AA9FDF5-E068-4232-B01E-C3DDD63FE479}.Release|Any CPU.Build.0 = Release|Any CPU
		{568B69F9-A34C-4902-97A3-959BD1EE874F}.Debug|Any CPU.ActiveCfg = Debug|Any CPU
		{568B69F9-A34C-4902-97A3-959BD1EE874F}.Debug|Any CPU.Build.0 = Debug|Any CPU
		{568B69F9-A34C-4902-97A3-959BD1EE874F}.Release|Any CPU.ActiveCfg = Release|Any CPU
		{568B69F9-A34C-4902-97A3-959BD1EE874F}.Release|Any CPU.Build.0 = Release|Any CPU
		{4FB36BE1-ECC3-4131-8642-4C90AC246E73}.Debug|Any CPU.ActiveCfg = Debug|Any CPU
		{4FB36BE1-ECC3-4131-8642-4C90AC246E73}.Debug|Any CPU.Build.0 = Debug|Any CPU
		{4FB36BE1-ECC3-4131-8642-4C90AC246E73}.Release|Any CPU.ActiveCfg = Release|Any CPU
		{4FB36BE1-ECC3-4131-8642-4C90AC246E73}.Release|Any CPU.Build.0 = Release|Any CPU
		{08BE7F81-BDFE-4A83-A55E-D03DB50E90C1}.Debug|Any CPU.ActiveCfg = Debug|Any CPU
		{08BE7F81-BDFE-4A83-A55E-D03DB50E90C1}.Debug|Any CPU.Build.0 = Debug|Any CPU
		{08BE7F81-BDFE-4A83-A55E-D03DB50E90C1}.Release|Any CPU.ActiveCfg = Release|Any CPU
		{08BE7F81-BDFE-4A83-A55E-D03DB50E90C1}.Release|Any CPU.Build.0 = Release|Any CPU
		{4E8ACE85-07D3-4C39-B910-78A641A55D77}.Debug|Any CPU.ActiveCfg = Debug|Any CPU
		{4E8ACE85-07D3-4C39-B910-78A641A55D77}.Debug|Any CPU.Build.0 = Debug|Any CPU
		{4E8ACE85-07D3-4C39-B910-78A641A55D77}.Release|Any CPU.ActiveCfg = Release|Any CPU
		{4E8ACE85-07D3-4C39-B910-78A641A55D77}.Release|Any CPU.Build.0 = Release|Any CPU
		{8F7DC3C5-8507-4150-B8C1-3BB278C53F44}.Debug|Any CPU.ActiveCfg = Debug|Any CPU
		{8F7DC3C5-8507-4150-B8C1-3BB278C53F44}.Debug|Any CPU.Build.0 = Debug|Any CPU
		{8F7DC3C5-8507-4150-B8C1-3BB278C53F44}.Release|Any CPU.ActiveCfg = Release|Any CPU
		{8F7DC3C5-8507-4150-B8C1-3BB278C53F44}.Release|Any CPU.Build.0 = Release|Any CPU
		{58034FB1-4BB8-4BFE-853B-890742FBF7FD}.Debug|Any CPU.ActiveCfg = Debug|Any CPU
		{58034FB1-4BB8-4BFE-853B-890742FBF7FD}.Debug|Any CPU.Build.0 = Debug|Any CPU
		{58034FB1-4BB8-4BFE-853B-890742FBF7FD}.Release|Any CPU.ActiveCfg = Release|Any CPU
		{58034FB1-4BB8-4BFE-853B-890742FBF7FD}.Release|Any CPU.Build.0 = Release|Any CPU
		{E8B78F9D-5961-4EF4-8DD3-C559009F7554}.Debug|Any CPU.ActiveCfg = Debug|Any CPU
		{E8B78F9D-5961-4EF4-8DD3-C559009F7554}.Debug|Any CPU.Build.0 = Debug|Any CPU
		{E8B78F9D-5961-4EF4-8DD3-C559009F7554}.Release|Any CPU.ActiveCfg = Release|Any CPU
		{E8B78F9D-5961-4EF4-8DD3-C559009F7554}.Release|Any CPU.Build.0 = Release|Any CPU
	EndGlobalSection
	GlobalSection(SolutionProperties) = preSolution
		HideSolutionNode = FALSE
	EndGlobalSection
	GlobalSection(NestedProjects) = preSolution
		{0D8291E3-50C8-495E-9A0E-93DB77CF29FE} = {0507D71E-FA87-4DFD-BB1B-51DD91706120}
		{2312CE25-DF20-43B5-9C9F-2AFCA0AFD345} = {0D8291E3-50C8-495E-9A0E-93DB77CF29FE}
		{1AD336D1-9D23-4C4B-84AB-CD1C39E97879} = {0D8291E3-50C8-495E-9A0E-93DB77CF29FE}
		{410A35ED-15C7-417C-967C-ADAF5575AF69} = {0D8291E3-50C8-495E-9A0E-93DB77CF29FE}
		{56868B4A-0404-4AC3-87CC-23A24F74958C} = {0D8291E3-50C8-495E-9A0E-93DB77CF29FE}
		{27AB779B-DD9B-472E-B0F9-5A9B14D8D357} = {0507D71E-FA87-4DFD-BB1B-51DD91706120}
		{9BA0D87B-EB0A-442C-A548-4B2BBB877178} = {0507D71E-FA87-4DFD-BB1B-51DD91706120}
		{CAB4BEFC-9D39-4014-B8AB-70D80552F43C} = {0507D71E-FA87-4DFD-BB1B-51DD91706120}
		{493020A3-FBF7-45AD-B3CE-90A5D46061D3} = {0507D71E-FA87-4DFD-BB1B-51DD91706120}
		{C6CCC65A-97EB-473C-A675-8E48ECC3B5B1} = {9BA0D87B-EB0A-442C-A548-4B2BBB877178}
		{68100BA7-2228-4A20-9A55-B9DD07B2F1D5} = {9BA0D87B-EB0A-442C-A548-4B2BBB877178}
		{E4DF0E96-C33D-4FF0-A6E2-27EF4ABA31C0} = {9BA0D87B-EB0A-442C-A548-4B2BBB877178}
		{7D94D16A-BF2D-4C48-8FAA-4A08086E2ECC} = {9BA0D87B-EB0A-442C-A548-4B2BBB877178}
		{671E705E-371B-4D74-A81A-5D0AF0E58437} = {9BA0D87B-EB0A-442C-A548-4B2BBB877178}
		{B74E0B65-2E8A-424A-B139-E33DA5020A3A} = {27AB779B-DD9B-472E-B0F9-5A9B14D8D357}
		{125ACE49-B572-472B-9F29-18ADDCF9419C} = {27AB779B-DD9B-472E-B0F9-5A9B14D8D357}
		{DDF12C01-BF5F-4308-B010-A7F7E29E6C58} = {27AB779B-DD9B-472E-B0F9-5A9B14D8D357}
		{6FF649C9-9F00-4D0F-B243-E4DAFFE723DA} = {27AB779B-DD9B-472E-B0F9-5A9B14D8D357}
		{D30568FD-DE0D-4D1A-B03F-8D6C42F6A6AF} = {27AB779B-DD9B-472E-B0F9-5A9B14D8D357}
		{1FBCDDF4-3DF7-4720-A619-41D41C6E98ED} = {0507D71E-FA87-4DFD-BB1B-51DD91706120}
		{DD7BE0EC-2286-439E-B87E-6CE6AD4772F3} = {493020A3-FBF7-45AD-B3CE-90A5D46061D3}
		{8AA9FDF5-E068-4232-B01E-C3DDD63FE479} = {CAB4BEFC-9D39-4014-B8AB-70D80552F43C}
		{568B69F9-A34C-4902-97A3-959BD1EE874F} = {493020A3-FBF7-45AD-B3CE-90A5D46061D3}
		{4FB36BE1-ECC3-4131-8642-4C90AC246E73} = {493020A3-FBF7-45AD-B3CE-90A5D46061D3}
		{08BE7F81-BDFE-4A83-A55E-D03DB50E90C1} = {493020A3-FBF7-45AD-B3CE-90A5D46061D3}
		{4E8ACE85-07D3-4C39-B910-78A641A55D77} = {493020A3-FBF7-45AD-B3CE-90A5D46061D3}
		{8F7DC3C5-8507-4150-B8C1-3BB278C53F44} = {137DBA62-266B-4F47-BF5B-A62DE312240D}
		{58034FB1-4BB8-4BFE-853B-890742FBF7FD} = {0D8291E3-50C8-495E-9A0E-93DB77CF29FE}
		{E8B78F9D-5961-4EF4-8DD3-C559009F7554} = {F2194F12-3DE0-41D3-9B45-A6472718842D}
	EndGlobalSection
	GlobalSection(ExtensibilityGlobals) = postSolution
		SolutionGuid = {F10F1064-04BB-46FE-BCE0-6E996FD2E7BE}
	EndGlobalSection
EndGlobal
